// !$*UTF8*$!
{
	archiveVersion = 1;
	classes = {
	};
	objectVersion = 50;
	objects = {

/* Begin PBXBuildFile section */
		74CEC9CE2271895D000DF86B /* HistoryTableViewController.swift in Sources */ = {isa = PBXBuildFile; fileRef = 74CEC9CD2271895D000DF86B /* HistoryTableViewController.swift */; };
		74CEC9D022719F2B000DF86B /* OrderDrinkUITableViewCell.swift in Sources */ = {isa = PBXBuildFile; fileRef = 74CEC9CF22719F2B000DF86B /* OrderDrinkUITableViewCell.swift */; };
		74EFF92122674B8400B71920 /* AppDelegate.swift in Sources */ = {isa = PBXBuildFile; fileRef = 74EFF92022674B8400B71920 /* AppDelegate.swift */; };
		74EFF92622674B8400B71920 /* Main.storyboard in Resources */ = {isa = PBXBuildFile; fileRef = 74EFF92422674B8400B71920 /* Main.storyboard */; };
		74EFF92822674B8700B71920 /* Assets.xcassets in Resources */ = {isa = PBXBuildFile; fileRef = 74EFF92722674B8700B71920 /* Assets.xcassets */; };
		74EFF92B22674B8700B71920 /* LaunchScreen.storyboard in Resources */ = {isa = PBXBuildFile; fileRef = 74EFF92922674B8700B71920 /* LaunchScreen.storyboard */; };
		74EFF93322674BA500B71920 /* MainTableViewController.swift in Sources */ = {isa = PBXBuildFile; fileRef = 74EFF93222674BA500B71920 /* MainTableViewController.swift */; };
		74EFF9392268451400B71920 /* DataType.swift in Sources */ = {isa = PBXBuildFile; fileRef = 74EFF9382268451400B71920 /* DataType.swift */; };
		74EFF93B2268615100B71920 /* DrinkTableViewCell.swift in Sources */ = {isa = PBXBuildFile; fileRef = 74EFF93A2268615100B71920 /* DrinkTableViewCell.swift */; };
		74EFF93D22686F7400B71920 /* DetailTableViewController.swift in Sources */ = {isa = PBXBuildFile; fileRef = 74EFF93C22686F7400B71920 /* DetailTableViewController.swift */; };
		74EFF93F226875F400B71920 /* CarTableViewController.swift in Sources */ = {isa = PBXBuildFile; fileRef = 74EFF93E226875F400B71920 /* CarTableViewController.swift */; };
/* End PBXBuildFile section */

/* Begin PBXFileReference section */
		74CEC9CD2271895D000DF86B /* HistoryTableViewController.swift */ = {isa = PBXFileReference; lastKnownFileType = sourcecode.swift; path = HistoryTableViewController.swift; sourceTree = "<group>"; };
		74CEC9CF22719F2B000DF86B /* OrderDrinkUITableViewCell.swift */ = {isa = PBXFileReference; lastKnownFileType = sourcecode.swift; path = OrderDrinkUITableViewCell.swift; sourceTree = "<group>"; };
		74EFF91D22674B8400B71920 /* 20.OrderDrink.app */ = {isa = PBXFileReference; explicitFileType = wrapper.application; includeInIndex = 0; path = 20.OrderDrink.app; sourceTree = BUILT_PRODUCTS_DIR; };
		74EFF92022674B8400B71920 /* AppDelegate.swift */ = {isa = PBXFileReference; lastKnownFileType = sourcecode.swift; path = AppDelegate.swift; sourceTree = "<group>"; };
		74EFF92522674B8400B71920 /* Base */ = {isa = PBXFileReference; lastKnownFileType = file.storyboard; name = Base; path = Base.lproj/Main.storyboard; sourceTree = "<group>"; };
		74EFF92722674B8700B71920 /* Assets.xcassets */ = {isa = PBXFileReference; lastKnownFileType = folder.assetcatalog; path = Assets.xcassets; sourceTree = "<group>"; };
		74EFF92A22674B8700B71920 /* Base */ = {isa = PBXFileReference; lastKnownFileType = file.storyboard; name = Base; path = Base.lproj/LaunchScreen.storyboard; sourceTree = "<group>"; };
		74EFF92C22674B8700B71920 /* Info.plist */ = {isa = PBXFileReference; lastKnownFileType = text.plist.xml; path = Info.plist; sourceTree = "<group>"; };
		74EFF93222674BA500B71920 /* MainTableViewController.swift */ = {isa = PBXFileReference; lastKnownFileType = sourcecode.swift; path = MainTableViewController.swift; sourceTree = "<group>"; };
		74EFF9382268451400B71920 /* DataType.swift */ = {isa = PBXFileReference; lastKnownFileType = sourcecode.swift; path = DataType.swift; sourceTree = "<group>"; };
		74EFF93A2268615100B71920 /* DrinkTableViewCell.swift */ = {isa = PBXFileReference; lastKnownFileType = sourcecode.swift; path = DrinkTableViewCell.swift; sourceTree = "<group>"; };
		74EFF93C22686F7400B71920 /* DetailTableViewController.swift */ = {isa = PBXFileReference; lastKnownFileType = sourcecode.swift; path = DetailTableViewController.swift; sourceTree = "<group>"; };
		74EFF93E226875F400B71920 /* CarTableViewController.swift */ = {isa = PBXFileReference; lastKnownFileType = sourcecode.swift; path = CarTableViewController.swift; sourceTree = "<group>"; };
/* End PBXFileReference section */

/* Begin PBXFrameworksBuildPhase section */
		74EFF91A22674B8400B71920 /* Frameworks */ = {
			isa = PBXFrameworksBuildPhase;
			buildActionMask = 2147483647;
			files = (
			);
			runOnlyForDeploymentPostprocessing = 0;
		};
/* End PBXFrameworksBuildPhase section */

/* Begin PBXGroup section */
		74EFF91422674B8400B71920 = {
			isa = PBXGroup;
			children = (
				74EFF91F22674B8400B71920 /* 20.OrderDrink */,
				74EFF91E22674B8400B71920 /* Products */,
			);
			sourceTree = "<group>";
		};
		74EFF91E22674B8400B71920 /* Products */ = {
			isa = PBXGroup;
			children = (
				74EFF91D22674B8400B71920 /* 20.OrderDrink.app */,
			);
			name = Products;
			sourceTree = "<group>";
		};
		74EFF91F22674B8400B71920 /* 20.OrderDrink */ = {
			isa = PBXGroup;
			children = (
				74EFF92022674B8400B71920 /* AppDelegate.swift */,
				74EFF92422674B8400B71920 /* Main.storyboard */,
				74CEC9CD2271895D000DF86B /* HistoryTableViewController.swift */,
				74EFF93C22686F7400B71920 /* DetailTableViewController.swift */,
				74EFF93A2268615100B71920 /* DrinkTableViewCell.swift */,
				74EFF93222674BA500B71920 /* MainTableViewController.swift */,
				74CEC9CF22719F2B000DF86B /* OrderDrinkUITableViewCell.swift */,
				74EFF93E226875F400B71920 /* CarTableViewController.swift */,
				74EFF9382268451400B71920 /* DataType.swift */,
				74EFF92722674B8700B71920 /* Assets.xcassets */,
				74EFF92922674B8700B71920 /* LaunchScreen.storyboard */,
				74EFF92C22674B8700B71920 /* Info.plist */,
			);
			path = 20.OrderDrink;
			sourceTree = "<group>";
		};
/* End PBXGroup section */

/* Begin PBXNativeTarget section */
		74EFF91C22674B8400B71920 /* 20.OrderDrink */ = {
			isa = PBXNativeTarget;
			buildConfigurationList = 74EFF92F22674B8700B71920 /* Build configuration list for PBXNativeTarget "20.OrderDrink" */;
			buildPhases = (
				74EFF91922674B8400B71920 /* Sources */,
				74EFF91A22674B8400B71920 /* Frameworks */,
				74EFF91B22674B8400B71920 /* Resources */,
			);
			buildRules = (
			);
			dependencies = (
			);
			name = 20.OrderDrink;
			productName = 20.OrderDrink;
			productReference = 74EFF91D22674B8400B71920 /* 20.OrderDrink.app */;
			productType = "com.apple.product-type.application";
		};
/* End PBXNativeTarget section */

/* Begin PBXProject section */
		74EFF91522674B8400B71920 /* Project object */ = {
			isa = PBXProject;
			attributes = {
				LastSwiftUpdateCheck = 1020;
				LastUpgradeCheck = 1020;
				ORGANIZATIONNAME = littema;
				TargetAttributes = {
					74EFF91C22674B8400B71920 = {
						CreatedOnToolsVersion = 10.2;
					};
				};
			};
			buildConfigurationList = 74EFF91822674B8400B71920 /* Build configuration list for PBXProject "20.OrderDrink" */;
			compatibilityVersion = "Xcode 9.3";
			developmentRegion = en;
			hasScannedForEncodings = 0;
			knownRegions = (
				en,
				Base,
			);
			mainGroup = 74EFF91422674B8400B71920;
			productRefGroup = 74EFF91E22674B8400B71920 /* Products */;
			projectDirPath = "";
			projectRoot = "";
			targets = (
				74EFF91C22674B8400B71920 /* 20.OrderDrink */,
			);
		};
/* End PBXProject section */

/* Begin PBXResourcesBuildPhase section */
		74EFF91B22674B8400B71920 /* Resources */ = {
			isa = PBXResourcesBuildPhase;
			buildActionMask = 2147483647;
			files = (
				74EFF92B22674B8700B71920 /* LaunchScreen.storyboard in Resources */,
				74EFF92822674B8700B71920 /* Assets.xcassets in Resources */,
				74EFF92622674B8400B71920 /* Main.storyboard in Resources */,
			);
			runOnlyForDeploymentPostprocessing = 0;
		};
/* End PBXResourcesBuildPhase section */

/* Begin PBXSourcesBuildPhase section */
		74EFF91922674B8400B71920 /* Sources */ = {
			isa = PBXSourcesBuildPhase;
			buildActionMask = 2147483647;
			files = (
				74EFF93F226875F400B71920 /* CarTableViewController.swift in Sources */,
				74EFF93D22686F7400B71920 /* DetailTableViewController.swift in Sources */,
				74EFF93322674BA500B71920 /* MainTableViewController.swift in Sources */,
				74EFF9392268451400B71920 /* DataType.swift in Sources */,
				74CEC9CE2271895D000DF86B /* HistoryTableViewController.swift in Sources */,
				74EFF92122674B8400B71920 /* AppDelegate.swift in Sources */,
				74EFF93B2268615100B71920 /* DrinkTableViewCell.swift in Sources */,
				74CEC9D022719F2B000DF86B /* OrderDrinkUITableViewCell.swift in Sources */,
			);
			runOnlyForDeploymentPostprocessing = 0;
		};
/* End PBXSourcesBuildPhase section */

/* Begin PBXVariantGroup section */
		74EFF92422674B8400B71920 /* Main.storyboard */ = {
			isa = PBXVariantGroup;
			children = (
				74EFF92522674B8400B71920 /* Base */,
			);
			name = Main.storyboard;
			sourceTree = "<group>";
		};
		74EFF92922674B8700B71920 /* LaunchScreen.storyboard */ = {
			isa = PBXVariantGroup;
			children = (
				74EFF92A22674B8700B71920 /* Base */,
			);
			name = LaunchScreen.storyboard;
			sourceTree = "<group>";
		};
/* End PBXVariantGroup section */

/* Begin XCBuildConfiguration section */
		74EFF92D22674B8700B71920 /* Debug */ = {
			isa = XCBuildConfiguration;
			buildSettings = {
				ALWAYS_SEARCH_USER_PATHS = NO;
				CLANG_ANALYZER_NONNULL = YES;
				CLANG_ANALYZER_NUMBER_OBJECT_CONVERSION = YES_AGGRESSIVE;
				CLANG_CXX_LANGUAGE_STANDARD = "gnu++14";
				CLANG_CXX_LIBRARY = "libc++";
				CLANG_ENABLE_MODULES = YES;
				CLANG_ENABLE_OBJC_ARC = YES;
				CLANG_ENABLE_OBJC_WEAK = YES;
				CLANG_WARN_BLOCK_CAPTURE_AUTORELEASING = YES;
				CLANG_WARN_BOOL_CONVERSION = YES;
				CLANG_WARN_COMMA = YES;
				CLANG_WARN_CONSTANT_CONVERSION = YES;
				CLANG_WARN_DEPRECATED_OBJC_IMPLEMENTATIONS = YES;
				CLANG_WARN_DIRECT_OBJC_ISA_USAGE = YES_ERROR;
				CLANG_WARN_DOCUMENTATION_COMMENTS = YES;
				CLANG_WARN_EMPTY_BODY = YES;
				CLANG_WARN_ENUM_CONVERSION = YES;
				CLANG_WARN_INFINITE_RECURSION = YES;
				CLANG_WARN_INT_CONVERSION = YES;
				CLANG_WARN_NON_LITERAL_NULL_CONVERSION = YES;
				CLANG_WARN_OBJC_IMPLICIT_RETAIN_SELF = YES;
				CLANG_WARN_OBJC_LITERAL_CONVERSION = YES;
				CLANG_WARN_OBJC_ROOT_CLASS = YES_ERROR;
				CLANG_WARN_RANGE_LOOP_ANALYSIS = YES;
				CLANG_WARN_STRICT_PROTOTYPES = YES;
				CLANG_WARN_SUSPICIOUS_MOVE = YES;
				CLANG_WARN_UNGUARDED_AVAILABILITY = YES_AGGRESSIVE;
				CLANG_WARN_UNREACHABLE_CODE = YES;
				CLANG_WARN__DUPLICATE_METHOD_MATCH = YES;
				CODE_SIGN_IDENTITY = "iPhone Developer";
				COPY_PHASE_STRIP = NO;
				DEBUG_INFORMATION_FORMAT = dwarf;
				ENABLE_STRICT_OBJC_MSGSEND = YES;
				ENABLE_TESTABILITY = YES;
				GCC_C_LANGUAGE_STANDARD = gnu11;
				GCC_DYNAMIC_NO_PIC = NO;
				GCC_NO_COMMON_BLOCKS = YES;
				GCC_OPTIMIZATION_LEVEL = 0;
				GCC_PREPROCESSOR_DEFINITIONS = (
					"DEBUG=1",
					"$(inherited)",
				);
				GCC_WARN_64_TO_32_BIT_CONVERSION = YES;
				GCC_WARN_ABOUT_RETURN_TYPE = YES_ERROR;
				GCC_WARN_UNDECLARED_SELECTOR = YES;
				GCC_WARN_UNINITIALIZED_AUTOS = YES_AGGRESSIVE;
				GCC_WARN_UNUSED_FUNCTION = YES;
				GCC_WARN_UNUSED_VARIABLE = YES;
				IPHONEOS_DEPLOYMENT_TARGET = 12.2;
				MTL_ENABLE_DEBUG_INFO = INCLUDE_SOURCE;
				MTL_FAST_MATH = YES;
				ONLY_ACTIVE_ARCH = YES;
				SDKROOT = iphoneos;
				SWIFT_ACTIVE_COMPILATION_CONDITIONS = DEBUG;
				SWIFT_OPTIMIZATION_LEVEL = "-Onone";
			};
			name = Debug;
		};
		74EFF92E22674B8700B71920 /* Release */ = {
			isa = XCBuildConfiguration;
			buildSettings = {
				ALWAYS_SEARCH_USER_PATHS = NO;
				CLANG_ANALYZER_NONNULL = YES;
				CLANG_ANALYZER_NUMBER_OBJECT_CONVERSION = YES_AGGRESSIVE;
				CLANG_CXX_LANGUAGE_STANDARD = "gnu++14";
				CLANG_CXX_LIBRARY = "libc++";
				CLANG_ENABLE_MODULES = YES;
				CLANG_ENABLE_OBJC_ARC = YES;
				CLANG_ENABLE_OBJC_WEAK = YES;
				CLANG_WARN_BLOCK_CAPTURE_AUTORELEASING = YES;
				CLANG_WARN_BOOL_CONVERSION = YES;
				CLANG_WARN_COMMA = YES;
				CLANG_WARN_CONSTANT_CONVERSION = YES;
				CLANG_WARN_DEPRECATED_OBJC_IMPLEMENTATIONS = YES;
				CLANG_WARN_DIRECT_OBJC_ISA_USAGE = YES_ERROR;
				CLANG_WARN_DOCUMENTATION_COMMENTS = YES;
				CLANG_WARN_EMPTY_BODY = YES;
				CLANG_WARN_ENUM_CONVERSION = YES;
				CLANG_WARN_INFINITE_RECURSION = YES;
				CLANG_WARN_INT_CONVERSION = YES;
				CLANG_WARN_NON_LITERAL_NULL_CONVERSION = YES;
				CLANG_WARN_OBJC_IMPLICIT_RETAIN_SELF = YES;
				CLANG_WARN_OBJC_LITERAL_CONVERSION = YES;
				CLANG_WARN_OBJC_ROOT_CLASS = YES_ERROR;
				CLANG_WARN_RANGE_LOOP_ANALYSIS = YES;
				CLANG_WARN_STRICT_PROTOTYPES = YES;
				CLANG_WARN_SUSPICIOUS_MOVE = YES;
				CLANG_WARN_UNGUARDED_AVAILABILITY = YES_AGGRESSIVE;
				CLANG_WARN_UNREACHABLE_CODE = YES;
				CLANG_WARN__DUPLICATE_METHOD_MATCH = YES;
				CODE_SIGN_IDENTITY = "iPhone Developer";
				COPY_PHASE_STRIP = NO;
				DEBUG_INFORMATION_FORMAT = "dwarf-with-dsym";
				ENABLE_NS_ASSERTIONS = NO;
				ENABLE_STRICT_OBJC_MSGSEND = YES;
				GCC_C_LANGUAGE_STANDARD = gnu11;
				GCC_NO_COMMON_BLOCKS = YES;
				GCC_WARN_64_TO_32_BIT_CONVERSION = YES;
				GCC_WARN_ABOUT_RETURN_TYPE = YES_ERROR;
				GCC_WARN_UNDECLARED_SELECTOR = YES;
				GCC_WARN_UNINITIALIZED_AUTOS = YES_AGGRESSIVE;
				GCC_WARN_UNUSED_FUNCTION = YES;
				GCC_WARN_UNUSED_VARIABLE = YES;
				IPHONEOS_DEPLOYMENT_TARGET = 12.2;
				MTL_ENABLE_DEBUG_INFO = NO;
				MTL_FAST_MATH = YES;
				SDKROOT = iphoneos;
				SWIFT_COMPILATION_MODE = wholemodule;
				SWIFT_OPTIMIZATION_LEVEL = "-O";
				VALIDATE_PRODUCT = YES;
			};
			name = Release;
		};
		74EFF93022674B8700B71920 /* Debug */ = {
			isa = XCBuildConfiguration;
			buildSettings = {
				ASSETCATALOG_COMPILER_APPICON_NAME = AppIcon;
				CODE_SIGN_STYLE = Automatic;
				DEVELOPMENT_TEAM = 2NZHQL2FPV;
				INFOPLIST_FILE = 20.OrderDrink/Info.plist;
				LD_RUNPATH_SEARCH_PATHS = (
					"$(inherited)",
					"@executable_path/Frameworks",
				);
				PRODUCT_BUNDLE_IDENTIFIER = "com.littlema.-0-OrderDrink";
				PRODUCT_NAME = "$(TARGET_NAME)";
				SWIFT_VERSION = 5.0;
				TARGETED_DEVICE_FAMILY = "1,2";
			};
			name = Debug;
		};
		74EFF93122674B8700B71920 /* Release */ = {
			isa = XCBuildConfiguration;
			buildSettings = {
				ASSETCATALOG_COMPILER_APPICON_NAME = AppIcon;
				CODE_SIGN_STYLE = Automatic;
				DEVELOPMENT_TEAM = 2NZHQL2FPV;
				INFOPLIST_FILE = 20.OrderDrink/Info.plist;
				LD_RUNPATH_SEARCH_PATHS = (
					"$(inherited)",
					"@executable_path/Frameworks",
				);
				PRODUCT_BUNDLE_IDENTIFIER = "com.littlema.-0-OrderDrink";
				PRODUCT_NAME = "$(TARGET_NAME)";
				SWIFT_VERSION = 5.0;
				TARGETED_DEVICE_FAMILY = "1,2";
			};
			name = Release;
		};
/* End XCBuildConfiguration section */

/* Begin XCConfigurationList section */
		74EFF91822674B8400B71920 /* Build configuration list for PBXProject "20.OrderDrink" */ = {
			isa = XCConfigurationList;
			buildConfigurations = (
				74EFF92D22674B8700B71920 /* Debug */,
				74EFF92E22674B8700B71920 /* Release */,
			);
			defaultConfigurationIsVisible = 0;
			defaultConfigurationName = Release;
		};
		74EFF92F22674B8700B71920 /* Build configuration list for PBXNativeTarget "20.OrderDrink" */ = {
			isa = XCConfigurationList;
			buildConfigurations = (
				74EFF93022674B8700B71920 /* Debug */,
				74EFF93122674B8700B71920 /* Release */,
			);
			defaultConfigurationIsVisible = 0;
			defaultConfigurationName = Release;
		};
/* End XCConfigurationList section */
	};
	rootObject = 74EFF91522674B8400B71920 /* Project object */;
}
